
Microsoft Visual Studio Solution File, Format Version 12.00
# Visual Studio 15
VisualStudioVersion = 15.0.28307.106
MinimumVisualStudioVersion = 10.0.40219.1
Project("{9A19103F-16F7-4668-BE54-9A1E7A4F7556}") = "WordCounter", "WordCounter\WordCounter.csproj", "{A21869FA-6D5A-4C3F-ACD8-F384E40F5757}"
EndProject
Project("{FAE04EC0-301F-11D3-BF4B-00C04F79EFBC}") = "WordCounter.Tests", "WordCounter.Tests\WordCounter.Tests.csproj", "{FA8D5EF1-1C72-4BAF-9ACE-97F6B1CFCE0F}"
EndProject
Global
	GlobalSection(SolutionConfigurationPlatforms) = preSolution
		Debug|Any CPU = Debug|Any CPU
		Release|Any CPU = Release|Any CPU
	EndGlobalSection
	GlobalSection(ProjectConfigurationPlatforms) = postSolution
		{A21869FA-6D5A-4C3F-ACD8-F384E40F5757}.Debug|Any CPU.ActiveCfg = Debug|Any CPU
		{A21869FA-6D5A-4C3F-ACD8-F384E40F5757}.Debug|Any CPU.Build.0 = Debug|Any CPU
		{A21869FA-6D5A-4C3F-ACD8-F384E40F5757}.Release|Any CPU.ActiveCfg = Release|Any CPU
		{A21869FA-6D5A-4C3F-ACD8-F384E40F5757}.Release|Any CPU.Build.0 = Release|Any CPU
		{FA8D5EF1-1C72-4BAF-9ACE-97F6B1CFCE0F}.Debug|Any CPU.ActiveCfg = Debug|Any CPU
		{FA8D5EF1-1C72-4BAF-9ACE-97F6B1CFCE0F}.Debug|Any CPU.Build.0 = Debug|Any CPU
		{FA8D5EF1-1C72-4BAF-9ACE-97F6B1CFCE0F}.Release|Any CPU.ActiveCfg = Release|Any CPU
		{FA8D5EF1-1C72-4BAF-9ACE-97F6B1CFCE0F}.Release|Any CPU.Build.0 = Release|Any CPU
	EndGlobalSection
	GlobalSection(SolutionProperties) = preSolution
		HideSolutionNode = FALSE
	EndGlobalSection
	GlobalSection(ExtensibilityGlobals) = postSolution
		SolutionGuid = {1602BF4B-68BE-4028-97D8-6E52CC8425E7}
	EndGlobalSection
EndGlobal
